
Microsoft Visual Studio Solution File, Format Version 12.00
# Visual Studio 15
VisualStudioVersion = 15.0.28307.168
MinimumVisualStudioVersion = 10.0.40219.1
Project("{8BC9CEB8-8B4A-11D0-8D11-00A0C91BC942}") = "task2", "task2\task2.vcxproj", "{C84B73EF-928B-4A7B-A863-677E3A3FC8A5}"
EndProject
Global
	GlobalSection(SolutionConfigurationPlatforms) = preSolution
		Debug|x64 = Debug|x64
		Debug|x86 = Debug|x86
		Release|x64 = Release|x64
		Release|x86 = Release|x86
	EndGlobalSection
	GlobalSection(ProjectConfigurationPlatforms) = postSolution
		{C84B73EF-928B-4A7B-A863-677E3A3FC8A5}.Debug|x64.ActiveCfg = Debug|x64
		{C84B73EF-928B-4A7B-A863-677E3A3FC8A5}.Debug|x64.Build.0 = Debug|x64
		{C84B73EF-928B-4A7B-A863-677E3A3FC8A5}.Debug|x86.ActiveCfg = Debug|Win32
		{C84B73EF-928B-4A7B-A863-677E3A3FC8A5}.Debug|x86.Build.0 = Debug|Win32
		{C84B73EF-928B-4A7B-A863-677E3A3FC8A5}.Release|x64.ActiveCfg = Release|x64
		{C84B73EF-928B-4A7B-A863-677E3A3FC8A5}.Release|x64.Build.0 = Release|x64
		{C84B73EF-928B-4A7B-A863-677E3A3FC8A5}.Release|x86.ActiveCfg = Release|Win32
		{C84B73EF-928B-4A7B-A863-677E3A3FC8A5}.Release|x86.Build.0 = Release|Win32
	EndGlobalSection
	GlobalSection(SolutionProperties) = preSolution
		HideSolutionNode = FALSE
	EndGlobalSection
	GlobalSection(ExtensibilityGlobals) = postSolution
		SolutionGuid = {975EF0E7-7D14-4AA5-827A-8526B0E577D5}
	EndGlobalSection
EndGlobal
